
Microsoft Visual Studio Solution File, Format Version 12.00
# Visual Studio Version 17
VisualStudioVersion = 17.11.35222.181
MinimumVisualStudioVersion = 10.0.40219.1
Project("{FAE04EC0-301F-11D3-BF4B-00C04F79EFBC}") = "lab1", "lab1\lab1.csproj", "{313682E0-7B1B-470F-B9B2-BC91048A45CB}"
EndProject
Project("{FAE04EC0-301F-11D3-BF4B-00C04F79EFBC}") = "test sand", "test sand\test sand.csproj", "{644537A7-F60C-4191-9939-EA4A851A48EB}"
EndProject
Project("{FAE04EC0-301F-11D3-BF4B-00C04F79EFBC}") = "lab9", "lab9\lab9.csproj", "{F2EBA338-7534-4B9C-BC11-1960DF890CF8}"
EndProject
Project("{FAE04EC0-301F-11D3-BF4B-00C04F79EFBC}") = "lab2", "labwork2\lab2.csproj", "{3B3DA76D-FF81-4639-9123-85077D7689C5}"
EndProject
Project("{FAE04EC0-301F-11D3-BF4B-00C04F79EFBC}") = "lab3", "lab3\lab3.csproj", "{89963C6A-D629-4919-80E7-D67124DBCE8C}"
EndProject
Project("{FAE04EC0-301F-11D3-BF4B-00C04F79EFBC}") = "lab4", "lab4\lab4.csproj", "{4E624824-450E-4DB9-A0CF-3F3401C2D68B}"
EndProject
Project("{FAE04EC0-301F-11D3-BF4B-00C04F79EFBC}") = "lab5", "lab5\lab5.csproj", "{5878378D-D65C-4CCA-B1DD-B37950C4D539}"
EndProject
Global
	GlobalSection(SolutionConfigurationPlatforms) = preSolution
		Debug|Any CPU = Debug|Any CPU
		Release|Any CPU = Release|Any CPU
	EndGlobalSection
	GlobalSection(ProjectConfigurationPlatforms) = postSolution
		{313682E0-7B1B-470F-B9B2-BC91048A45CB}.Debug|Any CPU.ActiveCfg = Debug|Any CPU
		{313682E0-7B1B-470F-B9B2-BC91048A45CB}.Debug|Any CPU.Build.0 = Debug|Any CPU
		{313682E0-7B1B-470F-B9B2-BC91048A45CB}.Release|Any CPU.ActiveCfg = Release|Any CPU
		{313682E0-7B1B-470F-B9B2-BC91048A45CB}.Release|Any CPU.Build.0 = Release|Any CPU
		{644537A7-F60C-4191-9939-EA4A851A48EB}.Debug|Any CPU.ActiveCfg = Debug|Any CPU
		{644537A7-F60C-4191-9939-EA4A851A48EB}.Debug|Any CPU.Build.0 = Debug|Any CPU
		{644537A7-F60C-4191-9939-EA4A851A48EB}.Release|Any CPU.ActiveCfg = Release|Any CPU
		{644537A7-F60C-4191-9939-EA4A851A48EB}.Release|Any CPU.Build.0 = Release|Any CPU
		{F2EBA338-7534-4B9C-BC11-1960DF890CF8}.Debug|Any CPU.ActiveCfg = Debug|Any CPU
		{F2EBA338-7534-4B9C-BC11-1960DF890CF8}.Debug|Any CPU.Build.0 = Debug|Any CPU
		{F2EBA338-7534-4B9C-BC11-1960DF890CF8}.Release|Any CPU.ActiveCfg = Release|Any CPU
		{F2EBA338-7534-4B9C-BC11-1960DF890CF8}.Release|Any CPU.Build.0 = Release|Any CPU
		{3B3DA76D-FF81-4639-9123-85077D7689C5}.Debug|Any CPU.ActiveCfg = Debug|Any CPU
		{3B3DA76D-FF81-4639-9123-85077D7689C5}.Debug|Any CPU.Build.0 = Debug|Any CPU
		{3B3DA76D-FF81-4639-9123-85077D7689C5}.Release|Any CPU.ActiveCfg = Release|Any CPU
		{3B3DA76D-FF81-4639-9123-85077D7689C5}.Release|Any CPU.Build.0 = Release|Any CPU
		{89963C6A-D629-4919-80E7-D67124DBCE8C}.Debug|Any CPU.ActiveCfg = Debug|Any CPU
		{89963C6A-D629-4919-80E7-D67124DBCE8C}.Debug|Any CPU.Build.0 = Debug|Any CPU
		{89963C6A-D629-4919-80E7-D67124DBCE8C}.Release|Any CPU.ActiveCfg = Release|Any CPU
		{89963C6A-D629-4919-80E7-D67124DBCE8C}.Release|Any CPU.Build.0 = Release|Any CPU
		{4E624824-450E-4DB9-A0CF-3F3401C2D68B}.Debug|Any CPU.ActiveCfg = Debug|Any CPU
		{4E624824-450E-4DB9-A0CF-3F3401C2D68B}.Debug|Any CPU.Build.0 = Debug|Any CPU
		{4E624824-450E-4DB9-A0CF-3F3401C2D68B}.Release|Any CPU.ActiveCfg = Release|Any CPU
		{4E624824-450E-4DB9-A0CF-3F3401C2D68B}.Release|Any CPU.Build.0 = Release|Any CPU
		{5878378D-D65C-4CCA-B1DD-B37950C4D539}.Debug|Any CPU.ActiveCfg = Debug|Any CPU
		{5878378D-D65C-4CCA-B1DD-B37950C4D539}.Debug|Any CPU.Build.0 = Debug|Any CPU
		{5878378D-D65C-4CCA-B1DD-B37950C4D539}.Release|Any CPU.ActiveCfg = Release|Any CPU
		{5878378D-D65C-4CCA-B1DD-B37950C4D539}.Release|Any CPU.Build.0 = Release|Any CPU
	EndGlobalSection
	GlobalSection(SolutionProperties) = preSolution
		HideSolutionNode = FALSE
	EndGlobalSection
	GlobalSection(ExtensibilityGlobals) = postSolution
		SolutionGuid = {95916753-DB47-4FE2-9E32-99805EF4FDC3}
	EndGlobalSection
EndGlobal
